
Microsoft Visual Studio Solution File, Format Version 12.00
# Visual Studio 15
VisualStudioVersion = 15.0.27703.2042
MinimumVisualStudioVersion = 10.0.40219.1
Project("{FAE04EC0-301F-11D3-BF4B-00C04F79EFBC}") = "OctoberTutorial2.Android", "OctoberTutorial2\OctoberTutorial2.Android\OctoberTutorial2.Android.csproj", "{D971AD1D-2351-4660-AB22-6CE99D2FF01E}"
EndProject
Project("{FAE04EC0-301F-11D3-BF4B-00C04F79EFBC}") = "OctoberTutorial2.iOS", "OctoberTutorial2\OctoberTutorial2.iOS\OctoberTutorial2.iOS.csproj", "{268D4A89-2595-4B2F-987C-9722850E5B94}"
EndProject
Project("{FAE04EC0-301F-11D3-BF4B-00C04F79EFBC}") = "OctoberTutorial2.UWP", "OctoberTutorial2\OctoberTutorial2.UWP\OctoberTutorial2.UWP.csproj", "{E582AC77-B1B2-49FE-A170-99482D7B6238}"
EndProject
Project("{FAE04EC0-301F-11D3-BF4B-00C04F79EFBC}") = "OctoberTutorial2", "OctoberTutorial2\OctoberTutorial2\OctoberTutorial2.csproj", "{0E06AE47-0A25-48C5-9D02-7930D057A627}"
EndProject
Global
	GlobalSection(SolutionConfigurationPlatforms) = preSolution
		Ad-Hoc|Any CPU = Ad-Hoc|Any CPU
		Ad-Hoc|ARM = Ad-Hoc|ARM
		Ad-Hoc|iPhone = Ad-Hoc|iPhone
		Ad-Hoc|iPhoneSimulator = Ad-Hoc|iPhoneSimulator
		Ad-Hoc|x64 = Ad-Hoc|x64
		Ad-Hoc|x86 = Ad-Hoc|x86
		AppStore|Any CPU = AppStore|Any CPU
		AppStore|ARM = AppStore|ARM
		AppStore|iPhone = AppStore|iPhone
		AppStore|iPhoneSimulator = AppStore|iPhoneSimulator
		AppStore|x64 = AppStore|x64
		AppStore|x86 = AppStore|x86
		Debug|Any CPU = Debug|Any CPU
		Debug|ARM = Debug|ARM
		Debug|iPhone = Debug|iPhone
		Debug|iPhoneSimulator = Debug|iPhoneSimulator
		Debug|x64 = Debug|x64
		Debug|x86 = Debug|x86
		Release|Any CPU = Release|Any CPU
		Release|ARM = Release|ARM
		Release|iPhone = Release|iPhone
		Release|iPhoneSimulator = Release|iPhoneSimulator
		Release|x64 = Release|x64
		Release|x86 = Release|x86
	EndGlobalSection
	GlobalSection(ProjectConfigurationPlatforms) = postSolution
		{D971AD1D-2351-4660-AB22-6CE99D2FF01E}.Ad-Hoc|Any CPU.ActiveCfg = Release|Any CPU
		{D971AD1D-2351-4660-AB22-6CE99D2FF01E}.Ad-Hoc|Any CPU.Build.0 = Release|Any CPU
		{D971AD1D-2351-4660-AB22-6CE99D2FF01E}.Ad-Hoc|Any CPU.Deploy.0 = Release|Any CPU
		{D971AD1D-2351-4660-AB22-6CE99D2FF01E}.Ad-Hoc|ARM.ActiveCfg = Release|Any CPU
		{D971AD1D-2351-4660-AB22-6CE99D2FF01E}.Ad-Hoc|ARM.Build.0 = Release|Any CPU
		{D971AD1D-2351-4660-AB22-6CE99D2FF01E}.Ad-Hoc|ARM.Deploy.0 = Release|Any CPU
		{D971AD1D-2351-4660-AB22-6CE99D2FF01E}.Ad-Hoc|iPhone.ActiveCfg = Release|Any CPU
		{D971AD1D-2351-4660-AB22-6CE99D2FF01E}.Ad-Hoc|iPhone.Build.0 = Release|Any CPU
		{D971AD1D-2351-4660-AB22-6CE99D2FF01E}.Ad-Hoc|iPhone.Deploy.0 = Release|Any CPU
		{D971AD1D-2351-4660-AB22-6CE99D2FF01E}.Ad-Hoc|iPhoneSimulator.ActiveCfg = Release|Any CPU
		{D971AD1D-2351-4660-AB22-6CE99D2FF01E}.Ad-Hoc|iPhoneSimulator.Build.0 = Release|Any CPU
		{D971AD1D-2351-4660-AB22-6CE99D2FF01E}.Ad-Hoc|iPhoneSimulator.Deploy.0 = Release|Any CPU
		{D971AD1D-2351-4660-AB22-6CE99D2FF01E}.Ad-Hoc|x64.ActiveCfg = Release|Any CPU
		{D971AD1D-2351-4660-AB22-6CE99D2FF01E}.Ad-Hoc|x64.Build.0 = Release|Any CPU
		{D971AD1D-2351-4660-AB22-6CE99D2FF01E}.Ad-Hoc|x64.Deploy.0 = Release|Any CPU
		{D971AD1D-2351-4660-AB22-6CE99D2FF01E}.Ad-Hoc|x86.ActiveCfg = Release|Any CPU
		{D971AD1D-2351-4660-AB22-6CE99D2FF01E}.Ad-Hoc|x86.Build.0 = Release|Any CPU
		{D971AD1D-2351-4660-AB22-6CE99D2FF01E}.Ad-Hoc|x86.Deploy.0 = Release|Any CPU
		{D971AD1D-2351-4660-AB22-6CE99D2FF01E}.AppStore|Any CPU.ActiveCfg = Release|Any CPU
		{D971AD1D-2351-4660-AB22-6CE99D2FF01E}.AppStore|Any CPU.Build.0 = Release|Any CPU
		{D971AD1D-2351-4660-AB22-6CE99D2FF01E}.AppStore|Any CPU.Deploy.0 = Release|Any CPU
		{D971AD1D-2351-4660-AB22-6CE99D2FF01E}.AppStore|ARM.ActiveCfg = Release|Any CPU
		{D971AD1D-2351-4660-AB22-6CE99D2FF01E}.AppStore|ARM.Build.0 = Release|Any CPU
		{D971AD1D-2351-4660-AB22-6CE99D2FF01E}.AppStore|ARM.Deploy.0 = Release|Any CPU
		{D971AD1D-2351-4660-AB22-6CE99D2FF01E}.AppStore|iPhone.ActiveCfg = Release|Any CPU
		{D971AD1D-2351-4660-AB22-6CE99D2FF01E}.AppStore|iPhone.Build.0 = Release|Any CPU
		{D971AD1D-2351-4660-AB22-6CE99D2FF01E}.AppStore|iPhone.Deploy.0 = Release|Any CPU
		{D971AD1D-2351-4660-AB22-6CE99D2FF01E}.AppStore|iPhoneSimulator.ActiveCfg = Release|Any CPU
		{D971AD1D-2351-4660-AB22-6CE99D2FF01E}.AppStore|iPhoneSimulator.Build.0 = Release|Any CPU
		{D971AD1D-2351-4660-AB22-6CE99D2FF01E}.AppStore|iPhoneSimulator.Deploy.0 = Release|Any CPU
		{D971AD1D-2351-4660-AB22-6CE99D2FF01E}.AppStore|x64.ActiveCfg = Release|Any CPU
		{D971AD1D-2351-4660-AB22-6CE99D2FF01E}.AppStore|x64.Build.0 = Release|Any CPU
		{D971AD1D-2351-4660-AB22-6CE99D2FF01E}.AppStore|x64.Deploy.0 = Release|Any CPU
		{D971AD1D-2351-4660-AB22-6CE99D2FF01E}.AppStore|x86.ActiveCfg = Release|Any CPU
		{D971AD1D-2351-4660-AB22-6CE99D2FF01E}.AppStore|x86.Build.0 = Release|Any CPU
		{D971AD1D-2351-4660-AB22-6CE99D2FF01E}.AppStore|x86.Deploy.0 = Release|Any CPU
		{D971AD1D-2351-4660-AB22-6CE99D2FF01E}.Debug|Any CPU.ActiveCfg = Debug|Any CPU
		{D971AD1D-2351-4660-AB22-6CE99D2FF01E}.Debug|Any CPU.Build.0 = Debug|Any CPU
		{D971AD1D-2351-4660-AB22-6CE99D2FF01E}.Debug|Any CPU.Deploy.0 = Debug|Any CPU
		{D971AD1D-2351-4660-AB22-6CE99D2FF01E}.Debug|ARM.ActiveCfg = Debug|Any CPU
		{D971AD1D-2351-4660-AB22-6CE99D2FF01E}.Debug|ARM.Build.0 = Debug|Any CPU
		{D971AD1D-2351-4660-AB22-6CE99D2FF01E}.Debug|ARM.Deploy.0 = Debug|Any CPU
		{D971AD1D-2351-4660-AB22-6CE99D2FF01E}.Debug|iPhone.ActiveCfg = Debug|Any CPU
		{D971AD1D-2351-4660-AB22-6CE99D2FF01E}.Debug|iPhone.Build.0 = Debug|Any CPU
		{D971AD1D-2351-4660-AB22-6CE99D2FF01E}.Debug|iPhone.Deploy.0 = Debug|Any CPU
		{D971AD1D-2351-4660-AB22-6CE99D2FF01E}.Debug|iPhoneSimulator.ActiveCfg = Debug|Any CPU
		{D971AD1D-2351-4660-AB22-6CE99D2FF01E}.Debug|iPhoneSimulator.Build.0 = Debug|Any CPU
		{D971AD1D-2351-4660-AB22-6CE99D2FF01E}.Debug|iPhoneSimulator.Deploy.0 = Debug|Any CPU
		{D971AD1D-2351-4660-AB22-6CE99D2FF01E}.Debug|x64.ActiveCfg = Debug|Any CPU
		{D971AD1D-2351-4660-AB22-6CE99D2FF01E}.Debug|x64.Build.0 = Debug|Any CPU
		{D971AD1D-2351-4660-AB22-6CE99D2FF01E}.Debug|x64.Deploy.0 = Debug|Any CPU
		{D971AD1D-2351-4660-AB22-6CE99D2FF01E}.Debug|x86.ActiveCfg = Debug|Any CPU
		{D971AD1D-2351-4660-AB22-6CE99D2FF01E}.Debug|x86.Build.0 = Debug|Any CPU
		{D971AD1D-2351-4660-AB22-6CE99D2FF01E}.Debug|x86.Deploy.0 = Debug|Any CPU
		{D971AD1D-2351-4660-AB22-6CE99D2FF01E}.Release|Any CPU.ActiveCfg = Release|Any CPU
		{D971AD1D-2351-4660-AB22-6CE99D2FF01E}.Release|Any CPU.Build.0 = Release|Any CPU
		{D971AD1D-2351-4660-AB22-6CE99D2FF01E}.Release|Any CPU.Deploy.0 = Release|Any CPU
		{D971AD1D-2351-4660-AB22-6CE99D2FF01E}.Release|ARM.ActiveCfg = Release|Any CPU
		{D971AD1D-2351-4660-AB22-6CE99D2FF01E}.Release|ARM.Build.0 = Release|Any CPU
		{D971AD1D-2351-4660-AB22-6CE99D2FF01E}.Release|ARM.Deploy.0 = Release|Any CPU
		{D971AD1D-2351-4660-AB22-6CE99D2FF01E}.Release|iPhone.ActiveCfg = Release|Any CPU
		{D971AD1D-2351-4660-AB22-6CE99D2FF01E}.Release|iPhone.Build.0 = Release|Any CPU
		{D971AD1D-2351-4660-AB22-6CE99D2FF01E}.Release|iPhone.Deploy.0 = Release|Any CPU
		{D971AD1D-2351-4660-AB22-6CE99D2FF01E}.Release|iPhoneSimulator.ActiveCfg = Release|Any CPU
		{D971AD1D-2351-4660-AB22-6CE99D2FF01E}.Release|iPhoneSimulator.Build.0 = Release|Any CPU
		{D971AD1D-2351-4660-AB22-6CE99D2FF01E}.Release|iPhoneSimulator.Deploy.0 = Release|Any CPU
		{D971AD1D-2351-4660-AB22-6CE99D2FF01E}.Release|x64.ActiveCfg = Release|Any CPU
		{D971AD1D-2351-4660-AB22-6CE99D2FF01E}.Release|x64.Build.0 = Release|Any CPU
		{D971AD1D-2351-4660-AB22-6CE99D2FF01E}.Release|x64.Deploy.0 = Release|Any CPU
		{D971AD1D-2351-4660-AB22-6CE99D2FF01E}.Release|x86.ActiveCfg = Release|Any CPU
		{D971AD1D-2351-4660-AB22-6CE99D2FF01E}.Release|x86.Build.0 = Release|Any CPU
		{D971AD1D-2351-4660-AB22-6CE99D2FF01E}.Release|x86.Deploy.0 = Release|Any CPU
		{268D4A89-2595-4B2F-987C-9722850E5B94}.Ad-Hoc|Any CPU.ActiveCfg = Ad-Hoc|iPhone
		{268D4A89-2595-4B2F-987C-9722850E5B94}.Ad-Hoc|Any CPU.Build.0 = Ad-Hoc|iPhone
		{268D4A89-2595-4B2F-987C-9722850E5B94}.Ad-Hoc|Any CPU.Deploy.0 = Ad-Hoc|iPhone
		{268D4A89-2595-4B2F-987C-9722850E5B94}.Ad-Hoc|ARM.ActiveCfg = Ad-Hoc|iPhone
		{268D4A89-2595-4B2F-987C-9722850E5B94}.Ad-Hoc|ARM.Build.0 = Ad-Hoc|iPhone
		{268D4A89-2595-4B2F-987C-9722850E5B94}.Ad-Hoc|ARM.Deploy.0 = Ad-Hoc|iPhone
		{268D4A89-2595-4B2F-987C-9722850E5B94}.Ad-Hoc|iPhone.ActiveCfg = Ad-Hoc|iPhone
		{268D4A89-2595-4B2F-987C-9722850E5B94}.Ad-Hoc|iPhone.Build.0 = Ad-Hoc|iPhone
		{268D4A89-2595-4B2F-987C-9722850E5B94}.Ad-Hoc|iPhone.Deploy.0 = Ad-Hoc|iPhone
		{268D4A89-2595-4B2F-987C-9722850E5B94}.Ad-Hoc|iPhoneSimulator.ActiveCfg = Ad-Hoc|iPhoneSimulator
		{268D4A89-2595-4B2F-987C-9722850E5B94}.Ad-Hoc|iPhoneSimulator.Build.0 = Ad-Hoc|iPhoneSimulator
		{268D4A89-2595-4B2F-987C-9722850E5B94}.Ad-Hoc|iPhoneSimulator.Deploy.0 = Ad-Hoc|iPhoneSimulator
		{268D4A89-2595-4B2F-987C-9722850E5B94}.Ad-Hoc|x64.ActiveCfg = Ad-Hoc|iPhone
		{268D4A89-2595-4B2F-987C-9722850E5B94}.Ad-Hoc|x64.Build.0 = Ad-Hoc|iPhone
		{268D4A89-2595-4B2F-987C-9722850E5B94}.Ad-Hoc|x64.Deploy.0 = Ad-Hoc|iPhone
		{268D4A89-2595-4B2F-987C-9722850E5B94}.Ad-Hoc|x86.ActiveCfg = Ad-Hoc|iPhone
		{268D4A89-2595-4B2F-987C-9722850E5B94}.Ad-Hoc|x86.Build.0 = Ad-Hoc|iPhone
		{268D4A89-2595-4B2F-987C-9722850E5B94}.Ad-Hoc|x86.Deploy.0 = Ad-Hoc|iPhone
		{268D4A89-2595-4B2F-987C-9722850E5B94}.AppStore|Any CPU.ActiveCfg = AppStore|iPhone
		{268D4A89-2595-4B2F-987C-9722850E5B94}.AppStore|Any CPU.Build.0 = AppStore|iPhone
		{268D4A89-2595-4B2F-987C-9722850E5B94}.AppStore|Any CPU.Deploy.0 = AppStore|iPhone
		{268D4A89-2595-4B2F-987C-9722850E5B94}.AppStore|ARM.ActiveCfg = AppStore|iPhone
		{268D4A89-2595-4B2F-987C-9722850E5B94}.AppStore|ARM.Build.0 = AppStore|iPhone
		{268D4A89-2595-4B2F-987C-9722850E5B94}.AppStore|ARM.Deploy.0 = AppStore|iPhone
		{268D4A89-2595-4B2F-987C-9722850E5B94}.AppStore|iPhone.ActiveCfg = AppStore|iPhone
		{268D4A89-2595-4B2F-987C-9722850E5B94}.AppStore|iPhone.Build.0 = AppStore|iPhone
		{268D4A89-2595-4B2F-987C-9722850E5B94}.AppStore|iPhone.Deploy.0 = AppStore|iPhone
		{268D4A89-2595-4B2F-987C-9722850E5B94}.AppStore|iPhoneSimulator.ActiveCfg = AppStore|iPhoneSimulator
		{268D4A89-2595-4B2F-987C-9722850E5B94}.AppStore|iPhoneSimulator.Build.0 = AppStore|iPhoneSimulator
		{268D4A89-2595-4B2F-987C-9722850E5B94}.AppStore|iPhoneSimulator.Deploy.0 = AppStore|iPhoneSimulator
		{268D4A89-2595-4B2F-987C-9722850E5B94}.AppStore|x64.ActiveCfg = AppStore|iPhone
		{268D4A89-2595-4B2F-987C-9722850E5B94}.AppStore|x64.Build.0 = AppStore|iPhone
		{268D4A89-2595-4B2F-987C-9722850E5B94}.AppStore|x64.Deploy.0 = AppStore|iPhone
		{268D4A89-2595-4B2F-987C-9722850E5B94}.AppStore|x86.ActiveCfg = AppStore|iPhone
		{268D4A89-2595-4B2F-987C-9722850E5B94}.AppStore|x86.Build.0 = AppStore|iPhone
		{268D4A89-2595-4B2F-987C-9722850E5B94}.AppStore|x86.Deploy.0 = AppStore|iPhone
		{268D4A89-2595-4B2F-987C-9722850E5B94}.Debug|Any CPU.ActiveCfg = Debug|iPhoneSimulator
		{268D4A89-2595-4B2F-987C-9722850E5B94}.Debug|Any CPU.Build.0 = Debug|iPhoneSimulator
		{268D4A89-2595-4B2F-987C-9722850E5B94}.Debug|Any CPU.Deploy.0 = Debug|iPhoneSimulator
		{268D4A89-2595-4B2F-987C-9722850E5B94}.Debug|ARM.ActiveCfg = Debug|iPhone
		{268D4A89-2595-4B2F-987C-9722850E5B94}.Debug|ARM.Build.0 = Debug|iPhone
		{268D4A89-2595-4B2F-987C-9722850E5B94}.Debug|ARM.Deploy.0 = Debug|iPhone
		{268D4A89-2595-4B2F-987C-9722850E5B94}.Debug|iPhone.ActiveCfg = Debug|iPhone
		{268D4A89-2595-4B2F-987C-9722850E5B94}.Debug|iPhone.Build.0 = Debug|iPhone
		{268D4A89-2595-4B2F-987C-9722850E5B94}.Debug|iPhone.Deploy.0 = Debug|iPhone
		{268D4A89-2595-4B2F-987C-9722850E5B94}.Debug|iPhoneSimulator.ActiveCfg = Debug|iPhoneSimulator
		{268D4A89-2595-4B2F-987C-9722850E5B94}.Debug|iPhoneSimulator.Build.0 = Debug|iPhoneSimulator
		{268D4A89-2595-4B2F-987C-9722850E5B94}.Debug|iPhoneSimulator.Deploy.0 = Debug|iPhoneSimulator
		{268D4A89-2595-4B2F-987C-9722850E5B94}.Debug|x64.ActiveCfg = Debug|iPhone
		{268D4A89-2595-4B2F-987C-9722850E5B94}.Debug|x64.Build.0 = Debug|iPhone
		{268D4A89-2595-4B2F-987C-9722850E5B94}.Debug|x64.Deploy.0 = Debug|iPhone
		{268D4A89-2595-4B2F-987C-9722850E5B94}.Debug|x86.ActiveCfg = Debug|iPhone
		{268D4A89-2595-4B2F-987C-9722850E5B94}.Debug|x86.Build.0 = Debug|iPhone
		{268D4A89-2595-4B2F-987C-9722850E5B94}.Debug|x86.Deploy.0 = Debug|iPhone
		{268D4A89-2595-4B2F-987C-9722850E5B94}.Release|Any CPU.ActiveCfg = Release|iPhone
		{268D4A89-2595-4B2F-987C-9722850E5B94}.Release|Any CPU.Build.0 = Release|iPhone
		{268D4A89-2595-4B2F-987C-9722850E5B94}.Release|Any CPU.Deploy.0 = Release|iPhone
		{268D4A89-2595-4B2F-987C-9722850E5B94}.Release|ARM.ActiveCfg = Release|iPhone
		{268D4A89-2595-4B2F-987C-9722850E5B94}.Release|ARM.Build.0 = Release|iPhone
		{268D4A89-2595-4B2F-987C-9722850E5B94}.Release|ARM.Deploy.0 = Release|iPhone
		{268D4A89-2595-4B2F-987C-9722850E5B94}.Release|iPhone.ActiveCfg = Release|iPhone
		{268D4A89-2595-4B2F-987C-9722850E5B94}.Release|iPhone.Build.0 = Release|iPhone
		{268D4A89-2595-4B2F-987C-9722850E5B94}.Release|iPhone.Deploy.0 = Release|iPhone
		{268D4A89-2595-4B2F-987C-9722850E5B94}.Release|iPhoneSimulator.ActiveCfg = Release|iPhoneSimulator
		{268D4A89-2595-4B2F-987C-9722850E5B94}.Release|iPhoneSimulator.Build.0 = Release|iPhoneSimulator
		{268D4A89-2595-4B2F-987C-9722850E5B94}.Release|iPhoneSimulator.Deploy.0 = Release|iPhoneSimulator
		{268D4A89-2595-4B2F-987C-9722850E5B94}.Release|x64.ActiveCfg = Release|iPhone
		{268D4A89-2595-4B2F-987C-9722850E5B94}.Release|x64.Build.0 = Release|iPhone
		{268D4A89-2595-4B2F-987C-9722850E5B94}.Release|x64.Deploy.0 = Release|iPhone
		{268D4A89-2595-4B2F-987C-9722850E5B94}.Release|x86.ActiveCfg = Release|iPhone
		{268D4A89-2595-4B2F-987C-9722850E5B94}.Release|x86.Build.0 = Release|iPhone
		{268D4A89-2595-4B2F-987C-9722850E5B94}.Release|x86.Deploy.0 = Release|iPhone
		{E582AC77-B1B2-49FE-A170-99482D7B6238}.Ad-Hoc|Any CPU.ActiveCfg = Release|x86
		{E582AC77-B1B2-49FE-A170-99482D7B6238}.Ad-Hoc|Any CPU.Build.0 = Release|x86
		{E582AC77-B1B2-49FE-A170-99482D7B6238}.Ad-Hoc|Any CPU.Deploy.0 = Release|x86
		{E582AC77-B1B2-49FE-A170-99482D7B6238}.Ad-Hoc|ARM.ActiveCfg = Release|ARM
		{E582AC77-B1B2-49FE-A170-99482D7B6238}.Ad-Hoc|ARM.Build.0 = Release|ARM
		{E582AC77-B1B2-49FE-A170-99482D7B6238}.Ad-Hoc|ARM.Deploy.0 = Release|ARM
		{E582AC77-B1B2-49FE-A170-99482D7B6238}.Ad-Hoc|iPhone.ActiveCfg = Release|x86
		{E582AC77-B1B2-49FE-A170-99482D7B6238}.Ad-Hoc|iPhone.Build.0 = Release|x86
		{E582AC77-B1B2-49FE-A170-99482D7B6238}.Ad-Hoc|iPhone.Deploy.0 = Release|x86
		{E582AC77-B1B2-49FE-A170-99482D7B6238}.Ad-Hoc|iPhoneSimulator.ActiveCfg = Release|x86
		{E582AC77-B1B2-49FE-A170-99482D7B6238}.Ad-Hoc|iPhoneSimulator.Build.0 = Release|x86
		{E582AC77-B1B2-49FE-A170-99482D7B6238}.Ad-Hoc|iPhoneSimulator.Deploy.0 = Release|x86
		{E582AC77-B1B2-49FE-A170-99482D7B6238}.Ad-Hoc|x64.ActiveCfg = Release|x64
		{E582AC77-B1B2-49FE-A170-99482D7B6238}.Ad-Hoc|x64.Build.0 = Release|x64
		{E582AC77-B1B2-49FE-A170-99482D7B6238}.Ad-Hoc|x64.Deploy.0 = Release|x64
		{E582AC77-B1B2-49FE-A170-99482D7B6238}.Ad-Hoc|x86.ActiveCfg = Release|x86
		{E582AC77-B1B2-49FE-A170-99482D7B6238}.Ad-Hoc|x86.Build.0 = Release|x86
		{E582AC77-B1B2-49FE-A170-99482D7B6238}.Ad-Hoc|x86.Deploy.0 = Release|x86
		{E582AC77-B1B2-49FE-A170-99482D7B6238}.AppStore|Any CPU.ActiveCfg = Release|x86
		{E582AC77-B1B2-49FE-A170-99482D7B6238}.AppStore|Any CPU.Build.0 = Release|x86
		{E582AC77-B1B2-49FE-A170-99482D7B6238}.AppStore|Any CPU.Deploy.0 = Release|x86
		{E582AC77-B1B2-49FE-A170-99482D7B6238}.AppStore|ARM.ActiveCfg = Release|ARM
		{E582AC77-B1B2-49FE-A170-99482D7B6238}.AppStore|ARM.Build.0 = Release|ARM
		{E582AC77-B1B2-49FE-A170-99482D7B6238}.AppStore|ARM.Deploy.0 = Release|ARM
		{E582AC77-B1B2-49FE-A170-99482D7B6238}.AppStore|iPhone.ActiveCfg = Release|x86
		{E582AC77-B1B2-49FE-A170-99482D7B6238}.AppStore|iPhone.Build.0 = Release|x86
		{E582AC77-B1B2-49FE-A170-99482D7B6238}.AppStore|iPhone.Deploy.0 = Release|x86
		{E582AC77-B1B2-49FE-A170-99482D7B6238}.AppStore|iPhoneSimulator.ActiveCfg = Release|x86
		{E582AC77-B1B2-49FE-A170-99482D7B6238}.AppStore|iPhoneSimulator.Build.0 = Release|x86
		{E582AC77-B1B2-49FE-A170-99482D7B6238}.AppStore|iPhoneSimulator.Deploy.0 = Release|x86
		{E582AC77-B1B2-49FE-A170-99482D7B6238}.AppStore|x64.ActiveCfg = Release|x64
		{E582AC77-B1B2-49FE-A170-99482D7B6238}.AppStore|x64.Build.0 = Release|x64
		{E582AC77-B1B2-49FE-A170-99482D7B6238}.AppStore|x64.Deploy.0 = Release|x64
		{E582AC77-B1B2-49FE-A170-99482D7B6238}.AppStore|x86.ActiveCfg = Release|x86
		{E582AC77-B1B2-49FE-A170-99482D7B6238}.AppStore|x86.Build.0 = Release|x86
		{E582AC77-B1B2-49FE-A170-99482D7B6238}.AppStore|x86.Deploy.0 = Release|x86
		{E582AC77-B1B2-49FE-A170-99482D7B6238}.Debug|Any CPU.ActiveCfg = Debug|x86
		{E582AC77-B1B2-49FE-A170-99482D7B6238}.Debug|Any CPU.Build.0 = Debug|x86
		{E582AC77-B1B2-49FE-A170-99482D7B6238}.Debug|Any CPU.Deploy.0 = Debug|x86
		{E582AC77-B1B2-49FE-A170-99482D7B6238}.Debug|ARM.ActiveCfg = Debug|ARM
		{E582AC77-B1B2-49FE-A170-99482D7B6238}.Debug|ARM.Build.0 = Debug|ARM
		{E582AC77-B1B2-49FE-A170-99482D7B6238}.Debug|ARM.Deploy.0 = Debug|ARM
		{E582AC77-B1B2-49FE-A170-99482D7B6238}.Debug|iPhone.ActiveCfg = Debug|x86
		{E582AC77-B1B2-49FE-A170-99482D7B6238}.Debug|iPhone.Build.0 = Debug|x86
		{E582AC77-B1B2-49FE-A170-99482D7B6238}.Debug|iPhone.Deploy.0 = Debug|x86
		{E582AC77-B1B2-49FE-A170-99482D7B6238}.Debug|iPhoneSimulator.ActiveCfg = Debug|x86
		{E582AC77-B1B2-49FE-A170-99482D7B6238}.Debug|iPhoneSimulator.Build.0 = Debug|x86
		{E582AC77-B1B2-49FE-A170-99482D7B6238}.Debug|iPhoneSimulator.Deploy.0 = Debug|x86
		{E582AC77-B1B2-49FE-A170-99482D7B6238}.Debug|x64.ActiveCfg = Debug|x64
		{E582AC77-B1B2-49FE-A170-99482D7B6238}.Debug|x64.Build.0 = Debug|x64
		{E582AC77-B1B2-49FE-A170-99482D7B6238}.Debug|x64.Deploy.0 = Debug|x64
		{E582AC77-B1B2-49FE-A170-99482D7B6238}.Debug|x86.ActiveCfg = Debug|x86
		{E582AC77-B1B2-49FE-A170-99482D7B6238}.Debug|x86.Build.0 = Debug|x86
		{E582AC77-B1B2-49FE-A170-99482D7B6238}.Debug|x86.Deploy.0 = Debug|x86
		{E582AC77-B1B2-49FE-A170-99482D7B6238}.Release|Any CPU.ActiveCfg = Release|x86
		{E582AC77-B1B2-49FE-A170-99482D7B6238}.Release|Any CPU.Build.0 = Release|x86
		{E582AC77-B1B2-49FE-A170-99482D7B6238}.Release|Any CPU.Deploy.0 = Release|x86
		{E582AC77-B1B2-49FE-A170-99482D7B6238}.Release|ARM.ActiveCfg = Release|ARM
		{E582AC77-B1B2-49FE-A170-99482D7B6238}.Release|ARM.Build.0 = Release|ARM
		{E582AC77-B1B2-49FE-A170-99482D7B6238}.Release|ARM.Deploy.0 = Release|ARM
		{E582AC77-B1B2-49FE-A170-99482D7B6238}.Release|iPhone.ActiveCfg = Release|x86
		{E582AC77-B1B2-49FE-A170-99482D7B6238}.Release|iPhone.Build.0 = Release|x86
		{E582AC77-B1B2-49FE-A170-99482D7B6238}.Release|iPhone.Deploy.0 = Release|x86
		{E582AC77-B1B2-49FE-A170-99482D7B6238}.Release|iPhoneSimulator.ActiveCfg = Release|x86
		{E582AC77-B1B2-49FE-A170-99482D7B6238}.Release|iPhoneSimulator.Build.0 = Release|x86
		{E582AC77-B1B2-49FE-A170-99482D7B6238}.Release|iPhoneSimulator.Deploy.0 = Release|x86
		{E582AC77-B1B2-49FE-A170-99482D7B6238}.Release|x64.ActiveCfg = Release|x64
		{E582AC77-B1B2-49FE-A170-99482D7B6238}.Release|x64.Build.0 = Release|x64
		{E582AC77-B1B2-49FE-A170-99482D7B6238}.Release|x64.Deploy.0 = Release|x64
		{E582AC77-B1B2-49FE-A170-99482D7B6238}.Release|x86.ActiveCfg = Release|x86
		{E582AC77-B1B2-49FE-A170-99482D7B6238}.Release|x86.Build.0 = Release|x86
		{E582AC77-B1B2-49FE-A170-99482D7B6238}.Release|x86.Deploy.0 = Release|x86
		{0E06AE47-0A25-48C5-9D02-7930D057A627}.Ad-Hoc|Any CPU.ActiveCfg = Debug|Any CPU
		{0E06AE47-0A25-48C5-9D02-7930D057A627}.Ad-Hoc|Any CPU.Build.0 = Debug|Any CPU
		{0E06AE47-0A25-48C5-9D02-7930D057A627}.Ad-Hoc|Any CPU.Deploy.0 = Debug|Any CPU
		{0E06AE47-0A25-48C5-9D02-7930D057A627}.Ad-Hoc|ARM.ActiveCfg = Debug|Any CPU
		{0E06AE47-0A25-48C5-9D02-7930D057A627}.Ad-Hoc|ARM.Build.0 = Debug|Any CPU
		{0E06AE47-0A25-48C5-9D02-7930D057A627}.Ad-Hoc|ARM.Deploy.0 = Debug|Any CPU
		{0E06AE47-0A25-48C5-9D02-7930D057A627}.Ad-Hoc|iPhone.ActiveCfg = Debug|Any CPU
		{0E06AE47-0A25-48C5-9D02-7930D057A627}.Ad-Hoc|iPhone.Build.0 = Debug|Any CPU
		{0E06AE47-0A25-48C5-9D02-7930D057A627}.Ad-Hoc|iPhone.Deploy.0 = Debug|Any CPU
		{0E06AE47-0A25-48C5-9D02-7930D057A627}.Ad-Hoc|iPhoneSimulator.ActiveCfg = Debug|Any CPU
		{0E06AE47-0A25-48C5-9D02-7930D057A627}.Ad-Hoc|iPhoneSimulator.Build.0 = Debug|Any CPU
		{0E06AE47-0A25-48C5-9D02-7930D057A627}.Ad-Hoc|iPhoneSimulator.Deploy.0 = Debug|Any CPU
		{0E06AE47-0A25-48C5-9D02-7930D057A627}.Ad-Hoc|x64.ActiveCfg = Debug|Any CPU
		{0E06AE47-0A25-48C5-9D02-7930D057A627}.Ad-Hoc|x64.Build.0 = Debug|Any CPU
		{0E06AE47-0A25-48C5-9D02-7930D057A627}.Ad-Hoc|x64.Deploy.0 = Debug|Any CPU
		{0E06AE47-0A25-48C5-9D02-7930D057A627}.Ad-Hoc|x86.ActiveCfg = Debug|Any CPU
		{0E06AE47-0A25-48C5-9D02-7930D057A627}.Ad-Hoc|x86.Build.0 = Debug|Any CPU
		{0E06AE47-0A25-48C5-9D02-7930D057A627}.Ad-Hoc|x86.Deploy.0 = Debug|Any CPU
		{0E06AE47-0A25-48C5-9D02-7930D057A627}.AppStore|Any CPU.ActiveCfg = Debug|Any CPU
		{0E06AE47-0A25-48C5-9D02-7930D057A627}.AppStore|Any CPU.Build.0 = Debug|Any CPU
		{0E06AE47-0A25-48C5-9D02-7930D057A627}.AppStore|Any CPU.Deploy.0 = Debug|Any CPU
		{0E06AE47-0A25-48C5-9D02-7930D057A627}.AppStore|ARM.ActiveCfg = Debug|Any CPU
		{0E06AE47-0A25-48C5-9D02-7930D057A627}.AppStore|ARM.Build.0 = Debug|Any CPU
		{0E06AE47-0A25-48C5-9D02-7930D057A627}.AppStore|ARM.Deploy.0 = Debug|Any CPU
		{0E06AE47-0A25-48C5-9D02-7930D057A627}.AppStore|iPhone.ActiveCfg = Debug|Any CPU
		{0E06AE47-0A25-48C5-9D02-7930D057A627}.AppStore|iPhone.Build.0 = Debug|Any CPU
		{0E06AE47-0A25-48C5-9D02-7930D057A627}.AppStore|iPhone.Deploy.0 = Debug|Any CPU
		{0E06AE47-0A25-48C5-9D02-7930D057A627}.AppStore|iPhoneSimulator.ActiveCfg = Debug|Any CPU
		{0E06AE47-0A25-48C5-9D02-7930D057A627}.AppStore|iPhoneSimulator.Build.0 = Debug|Any CPU
		{0E06AE47-0A25-48C5-9D02-7930D057A627}.AppStore|iPhoneSimulator.Deploy.0 = Debug|Any CPU
		{0E06AE47-0A25-48C5-9D02-7930D057A627}.AppStore|x64.ActiveCfg = Debug|Any CPU
		{0E06AE47-0A25-48C5-9D02-7930D057A627}.AppStore|x64.Build.0 = Debug|Any CPU
		{0E06AE47-0A25-48C5-9D02-7930D057A627}.AppStore|x64.Deploy.0 = Debug|Any CPU
		{0E06AE47-0A25-48C5-9D02-7930D057A627}.AppStore|x86.ActiveCfg = Debug|Any CPU
		{0E06AE47-0A25-48C5-9D02-7930D057A627}.AppStore|x86.Build.0 = Debug|Any CPU
		{0E06AE47-0A25-48C5-9D02-7930D057A627}.AppStore|x86.Deploy.0 = Debug|Any CPU
		{0E06AE47-0A25-48C5-9D02-7930D057A627}.Debug|Any CPU.ActiveCfg = Debug|Any CPU
		{0E06AE47-0A25-48C5-9D02-7930D057A627}.Debug|Any CPU.Build.0 = Debug|Any CPU
		{0E06AE47-0A25-48C5-9D02-7930D057A627}.Debug|Any CPU.Deploy.0 = Debug|Any CPU
		{0E06AE47-0A25-48C5-9D02-7930D057A627}.Debug|ARM.ActiveCfg = Debug|Any CPU
		{0E06AE47-0A25-48C5-9D02-7930D057A627}.Debug|ARM.Build.0 = Debug|Any CPU
		{0E06AE47-0A25-48C5-9D02-7930D057A627}.Debug|ARM.Deploy.0 = Debug|Any CPU
		{0E06AE47-0A25-48C5-9D02-7930D057A627}.Debug|iPhone.ActiveCfg = Debug|Any CPU
		{0E06AE47-0A25-48C5-9D02-7930D057A627}.Debug|iPhone.Build.0 = Debug|Any CPU
		{0E06AE47-0A25-48C5-9D02-7930D057A627}.Debug|iPhone.Deploy.0 = Debug|Any CPU
		{0E06AE47-0A25-48C5-9D02-7930D057A627}.Debug|iPhoneSimulator.ActiveCfg = Debug|Any CPU
		{0E06AE47-0A25-48C5-9D02-7930D057A627}.Debug|iPhoneSimulator.Build.0 = Debug|Any CPU
		{0E06AE47-0A25-48C5-9D02-7930D057A627}.Debug|iPhoneSimulator.Deploy.0 = Debug|Any CPU
		{0E06AE47-0A25-48C5-9D02-7930D057A627}.Debug|x64.ActiveCfg = Debug|Any CPU
		{0E06AE47-0A25-48C5-9D02-7930D057A627}.Debug|x64.Build.0 = Debug|Any CPU
		{0E06AE47-0A25-48C5-9D02-7930D057A627}.Debug|x64.Deploy.0 = Debug|Any CPU
		{0E06AE47-0A25-48C5-9D02-7930D057A627}.Debug|x86.ActiveCfg = Debug|Any CPU
		{0E06AE47-0A25-48C5-9D02-7930D057A627}.Debug|x86.Build.0 = Debug|Any CPU
		{0E06AE47-0A25-48C5-9D02-7930D057A627}.Debug|x86.Deploy.0 = Debug|Any CPU
		{0E06AE47-0A25-48C5-9D02-7930D057A627}.Release|Any CPU.ActiveCfg = Release|Any CPU
		{0E06AE47-0A25-48C5-9D02-7930D057A627}.Release|Any CPU.Build.0 = Release|Any CPU
		{0E06AE47-0A25-48C5-9D02-7930D057A627}.Release|Any CPU.Deploy.0 = Release|Any CPU
		{0E06AE47-0A25-48C5-9D02-7930D057A627}.Release|ARM.ActiveCfg = Release|Any CPU
		{0E06AE47-0A25-48C5-9D02-7930D057A627}.Release|ARM.Build.0 = Release|Any CPU
		{0E06AE47-0A25-48C5-9D02-7930D057A627}.Release|ARM.Deploy.0 = Release|Any CPU
		{0E06AE47-0A25-48C5-9D02-7930D057A627}.Release|iPhone.ActiveCfg = Release|Any CPU
		{0E06AE47-0A25-48C5-9D02-7930D057A627}.Release|iPhone.Build.0 = Release|Any CPU
		{0E06AE47-0A25-48C5-9D02-7930D057A627}.Release|iPhone.Deploy.0 = Release|Any CPU
		{0E06AE47-0A25-48C5-9D02-7930D057A627}.Release|iPhoneSimulator.ActiveCfg = Release|Any CPU
		{0E06AE47-0A25-48C5-9D02-7930D057A627}.Release|iPhoneSimulator.Build.0 = Release|Any CPU
		{0E06AE47-0A25-48C5-9D02-7930D057A627}.Release|iPhoneSimulator.Deploy.0 = Release|Any CPU
		{0E06AE47-0A25-48C5-9D02-7930D057A627}.Release|x64.ActiveCfg = Release|Any CPU
		{0E06AE47-0A25-48C5-9D02-7930D057A627}.Release|x64.Build.0 = Release|Any CPU
		{0E06AE47-0A25-48C5-9D02-7930D057A627}.Release|x64.Deploy.0 = Release|Any CPU
		{0E06AE47-0A25-48C5-9D02-7930D057A627}.Release|x86.ActiveCfg = Release|Any CPU
		{0E06AE47-0A25-48C5-9D02-7930D057A627}.Release|x86.Build.0 = Release|Any CPU
		{0E06AE47-0A25-48C5-9D02-7930D057A627}.Release|x86.Deploy.0 = Release|Any CPU
	EndGlobalSection
	GlobalSection(SolutionProperties) = preSolution
		HideSolutionNode = FALSE
	EndGlobalSection
	GlobalSection(ExtensibilityGlobals) = postSolution
		SolutionGuid = {09A4E7AE-D094-47FE-B827-70FA0E754B49}
	EndGlobalSection
EndGlobal
